
Microsoft Visual Studio Solution File, Format Version 12.00
# Visual Studio Version 17
VisualStudioVersion = 17.7.34031.279
MinimumVisualStudioVersion = 10.0.40219.1
Project("{8BC9CEB8-8B4A-11D0-8D11-00A0C91BC942}") = "101pointer", "101pointer.vcxproj", "{590C7133-F9B2-4308-B54B-E54D70221BED}"
EndProject
Global
	GlobalSection(SolutionConfigurationPlatforms) = preSolution
		Debug|ARM64 = Debug|ARM64
		Debug|x64 = Debug|x64
		Debug|x86 = Debug|x86
		Release|ARM64 = Release|ARM64
		Release|x64 = Release|x64
		Release|x86 = Release|x86
	EndGlobalSection
	GlobalSection(ProjectConfigurationPlatforms) = postSolution
		{590C7133-F9B2-4308-B54B-E54D70221BED}.Debug|ARM64.ActiveCfg = Debug|ARM64
		{590C7133-F9B2-4308-B54B-E54D70221BED}.Debug|ARM64.Build.0 = Debug|ARM64
		{590C7133-F9B2-4308-B54B-E54D70221BED}.Debug|x64.ActiveCfg = Debug|x64
		{590C7133-F9B2-4308-B54B-E54D70221BED}.Debug|x64.Build.0 = Debug|x64
		{590C7133-F9B2-4308-B54B-E54D70221BED}.Debug|x86.ActiveCfg = Debug|Win32
		{590C7133-F9B2-4308-B54B-E54D70221BED}.Debug|x86.Build.0 = Debug|Win32
		{590C7133-F9B2-4308-B54B-E54D70221BED}.Release|ARM64.ActiveCfg = Release|ARM64
		{590C7133-F9B2-4308-B54B-E54D70221BED}.Release|ARM64.Build.0 = Release|ARM64
		{590C7133-F9B2-4308-B54B-E54D70221BED}.Release|x64.ActiveCfg = Release|x64
		{590C7133-F9B2-4308-B54B-E54D70221BED}.Release|x64.Build.0 = Release|x64
		{590C7133-F9B2-4308-B54B-E54D70221BED}.Release|x86.ActiveCfg = Release|Win32
		{590C7133-F9B2-4308-B54B-E54D70221BED}.Release|x86.Build.0 = Release|Win32
	EndGlobalSection
	GlobalSection(SolutionProperties) = preSolution
		HideSolutionNode = FALSE
	EndGlobalSection
	GlobalSection(ExtensibilityGlobals) = postSolution
		SolutionGuid = {12A82309-8551-4A18-B152-4992A9D68EC1}
	EndGlobalSection
EndGlobal
